
Microsoft Visual Studio Solution File, Format Version 12.00
# Visual Studio 2013
VisualStudioVersion = 12.0.21005.1
MinimumVisualStudioVersion = 10.0.40219.1
Project("{FAE04EC0-301F-11D3-BF4B-00C04F79EFBC}") = "Web", "Web\Web.csproj", "{05E0F850-255A-47CE-BCC2-436A747C9B56}"
EndProject
Project("{FAE04EC0-301F-11D3-BF4B-00C04F79EFBC}") = "Web.Tests", "Web.Tests\Web.Tests.csproj", "{5D18DF2F-C9D6-4128-ADD1-7D52527F2F37}"
EndProject
Project("{FAE04EC0-301F-11D3-BF4B-00C04F79EFBC}") = "Core", "Core\Core.csproj", "{5809684E-950C-4D3D-808C-A6DBBA7D5CE1}"
EndProject
Global
	GlobalSection(SolutionConfigurationPlatforms) = preSolution
		Debug|Any CPU = Debug|Any CPU
		Release|Any CPU = Release|Any CPU
	EndGlobalSection
	GlobalSection(ProjectConfigurationPlatforms) = postSolution
		{05E0F850-255A-47CE-BCC2-436A747C9B56}.Debug|Any CPU.ActiveCfg = Debug|Any CPU
		{05E0F850-255A-47CE-BCC2-436A747C9B56}.Debug|Any CPU.Build.0 = Debug|Any CPU
		{05E0F850-255A-47CE-BCC2-436A747C9B56}.Release|Any CPU.ActiveCfg = Release|Any CPU
		{05E0F850-255A-47CE-BCC2-436A747C9B56}.Release|Any CPU.Build.0 = Release|Any CPU
		{5D18DF2F-C9D6-4128-ADD1-7D52527F2F37}.Debug|Any CPU.ActiveCfg = Debug|Any CPU
		{5D18DF2F-C9D6-4128-ADD1-7D52527F2F37}.Debug|Any CPU.Build.0 = Debug|Any CPU
		{5D18DF2F-C9D6-4128-ADD1-7D52527F2F37}.Release|Any CPU.ActiveCfg = Release|Any CPU
		{5D18DF2F-C9D6-4128-ADD1-7D52527F2F37}.Release|Any CPU.Build.0 = Release|Any CPU
		{5809684E-950C-4D3D-808C-A6DBBA7D5CE1}.Debug|Any CPU.ActiveCfg = Debug|Any CPU
		{5809684E-950C-4D3D-808C-A6DBBA7D5CE1}.Debug|Any CPU.Build.0 = Debug|Any CPU
		{5809684E-950C-4D3D-808C-A6DBBA7D5CE1}.Release|Any CPU.ActiveCfg = Release|Any CPU
		{5809684E-950C-4D3D-808C-A6DBBA7D5CE1}.Release|Any CPU.Build.0 = Release|Any CPU
	EndGlobalSection
	GlobalSection(SolutionProperties) = preSolution
		HideSolutionNode = FALSE
	EndGlobalSection
EndGlobal
